
Microsoft Visual Studio Solution File, Format Version 12.00
# Visual Studio Version 17
VisualStudioVersion = 17.9.34701.34
MinimumVisualStudioVersion = 10.0.40219.1
Project("{00D1A9C2-B5F0-4AF3-8072-F6C62B433612}") = "ContentManagement.Database", "ContentManagement.Database\ContentManagement.Database.sqlproj", "{B145128A-BA99-408D-B450-90D20F246C54}"
EndProject
Project("{9A19103F-16F7-4668-BE54-9A1E7A4F7556}") = "ContentManagement.BlazorServer", "ContentManagement.BlazorServer\ContentManagement.BlazorServer.csproj", "{D2D976E4-3984-42AE-9824-56EECEB2CB7F}"
EndProject
Project("{9A19103F-16F7-4668-BE54-9A1E7A4F7556}") = "ContentManagement.Models", "ContentManagement.Models\ContentManagement.Models.csproj", "{C6A672EF-B659-469E-86B9-49A63F7FDA48}"
EndProject
Project("{9A19103F-16F7-4668-BE54-9A1E7A4F7556}") = "ContentManagement.DTOs", "ContentManagement.DTOs\ContentManagement.DTOs.csproj", "{7206CEB9-EDAC-4C53-AEBE-7E5E0F0DE7AB}"
EndProject
Project("{9A19103F-16F7-4668-BE54-9A1E7A4F7556}") = "ContentManagement.Repositories", "ContentManagement.Repositories\ContentManagement.Repositories.csproj", "{DA697E49-2A9D-48DA-9547-52D4EE101CE0}"
EndProject
Project("{9A19103F-16F7-4668-BE54-9A1E7A4F7556}") = "ContentManagement.API", "ContentManagement.API\ContentManagement.API.csproj", "{21D10EE5-CC49-4486-9EFA-2E4519682DCE}"
EndProject
Project("{9A19103F-16F7-4668-BE54-9A1E7A4F7556}") = "ContentManagement.WPF", "ContentManagement.WPF\ContentManagement.WPF.csproj", "{8969B210-137D-4BDB-B9D4-FE0FFC9BF0E9}"
EndProject
Global
	GlobalSection(SolutionConfigurationPlatforms) = preSolution
		Debug|Any CPU = Debug|Any CPU
		Release|Any CPU = Release|Any CPU
	EndGlobalSection
	GlobalSection(ProjectConfigurationPlatforms) = postSolution
		{B145128A-BA99-408D-B450-90D20F246C54}.Debug|Any CPU.ActiveCfg = Debug|Any CPU
		{B145128A-BA99-408D-B450-90D20F246C54}.Debug|Any CPU.Build.0 = Debug|Any CPU
		{B145128A-BA99-408D-B450-90D20F246C54}.Debug|Any CPU.Deploy.0 = Debug|Any CPU
		{B145128A-BA99-408D-B450-90D20F246C54}.Release|Any CPU.ActiveCfg = Release|Any CPU
		{B145128A-BA99-408D-B450-90D20F246C54}.Release|Any CPU.Build.0 = Release|Any CPU
		{B145128A-BA99-408D-B450-90D20F246C54}.Release|Any CPU.Deploy.0 = Release|Any CPU
		{D2D976E4-3984-42AE-9824-56EECEB2CB7F}.Debug|Any CPU.ActiveCfg = Debug|Any CPU
		{D2D976E4-3984-42AE-9824-56EECEB2CB7F}.Debug|Any CPU.Build.0 = Debug|Any CPU
		{D2D976E4-3984-42AE-9824-56EECEB2CB7F}.Release|Any CPU.ActiveCfg = Release|Any CPU
		{D2D976E4-3984-42AE-9824-56EECEB2CB7F}.Release|Any CPU.Build.0 = Release|Any CPU
		{C6A672EF-B659-469E-86B9-49A63F7FDA48}.Debug|Any CPU.ActiveCfg = Debug|Any CPU
		{C6A672EF-B659-469E-86B9-49A63F7FDA48}.Debug|Any CPU.Build.0 = Debug|Any CPU
		{C6A672EF-B659-469E-86B9-49A63F7FDA48}.Release|Any CPU.ActiveCfg = Release|Any CPU
		{C6A672EF-B659-469E-86B9-49A63F7FDA48}.Release|Any CPU.Build.0 = Release|Any CPU
		{7206CEB9-EDAC-4C53-AEBE-7E5E0F0DE7AB}.Debug|Any CPU.ActiveCfg = Debug|Any CPU
		{7206CEB9-EDAC-4C53-AEBE-7E5E0F0DE7AB}.Debug|Any CPU.Build.0 = Debug|Any CPU
		{7206CEB9-EDAC-4C53-AEBE-7E5E0F0DE7AB}.Release|Any CPU.ActiveCfg = Release|Any CPU
		{7206CEB9-EDAC-4C53-AEBE-7E5E0F0DE7AB}.Release|Any CPU.Build.0 = Release|Any CPU
		{DA697E49-2A9D-48DA-9547-52D4EE101CE0}.Debug|Any CPU.ActiveCfg = Debug|Any CPU
		{DA697E49-2A9D-48DA-9547-52D4EE101CE0}.Debug|Any CPU.Build.0 = Debug|Any CPU
		{DA697E49-2A9D-48DA-9547-52D4EE101CE0}.Release|Any CPU.ActiveCfg = Release|Any CPU
		{DA697E49-2A9D-48DA-9547-52D4EE101CE0}.Release|Any CPU.Build.0 = Release|Any CPU
		{21D10EE5-CC49-4486-9EFA-2E4519682DCE}.Debug|Any CPU.ActiveCfg = Debug|Any CPU
		{21D10EE5-CC49-4486-9EFA-2E4519682DCE}.Debug|Any CPU.Build.0 = Debug|Any CPU
		{21D10EE5-CC49-4486-9EFA-2E4519682DCE}.Release|Any CPU.ActiveCfg = Release|Any CPU
		{21D10EE5-CC49-4486-9EFA-2E4519682DCE}.Release|Any CPU.Build.0 = Release|Any CPU
		{8969B210-137D-4BDB-B9D4-FE0FFC9BF0E9}.Debug|Any CPU.ActiveCfg = Debug|Any CPU
		{8969B210-137D-4BDB-B9D4-FE0FFC9BF0E9}.Debug|Any CPU.Build.0 = Debug|Any CPU
		{8969B210-137D-4BDB-B9D4-FE0FFC9BF0E9}.Release|Any CPU.ActiveCfg = Release|Any CPU
		{8969B210-137D-4BDB-B9D4-FE0FFC9BF0E9}.Release|Any CPU.Build.0 = Release|Any CPU
	EndGlobalSection
	GlobalSection(SolutionProperties) = preSolution
		HideSolutionNode = FALSE
	EndGlobalSection
	GlobalSection(ExtensibilityGlobals) = postSolution
		SolutionGuid = {58CFAFD2-937A-4FF5-8383-F17F85A30196}
	EndGlobalSection
EndGlobal
